
Microsoft Visual Studio Solution File, Format Version 12.00
# Visual Studio Version 16
VisualStudioVersion = 16.0.29613.14
MinimumVisualStudioVersion = 10.0.40219.1
Project("{FAE04EC0-301F-11D3-BF4B-00C04F79EFBC}") = "StaffRecruitmentApp", "StaffRecruitmentApp.csproj", "{C36D1F8D-43C5-4122-BCD3-4817F3F8F5B2}"
EndProject
Global
	GlobalSection(SolutionConfigurationPlatforms) = preSolution
		Debug|Any CPU = Debug|Any CPU
		Release|Any CPU = Release|Any CPU
	EndGlobalSection
	GlobalSection(ProjectConfigurationPlatforms) = postSolution
		{C36D1F8D-43C5-4122-BCD3-4817F3F8F5B2}.Debug|Any CPU.ActiveCfg = Debug|Any CPU
		{C36D1F8D-43C5-4122-BCD3-4817F3F8F5B2}.Debug|Any CPU.Build.0 = Debug|Any CPU
		{C36D1F8D-43C5-4122-BCD3-4817F3F8F5B2}.Release|Any CPU.ActiveCfg = Release|Any CPU
		{C36D1F8D-43C5-4122-BCD3-4817F3F8F5B2}.Release|Any CPU.Build.0 = Release|Any CPU
	EndGlobalSection
	GlobalSection(SolutionProperties) = preSolution
		HideSolutionNode = FALSE
	EndGlobalSection
	GlobalSection(ExtensibilityGlobals) = postSolution
		SolutionGuid = {EF495FA9-B036-4932-BFAE-CB7B4D3D8BD6}
	EndGlobalSection
EndGlobal
